
Microsoft Visual Studio Solution File, Format Version 12.00
# Visual Studio Version 17
VisualStudioVersion = 17.7.34031.279
MinimumVisualStudioVersion = 10.0.40219.1
Project("{9A19103F-16F7-4668-BE54-9A1E7A4F7556}") = "EFCRUDApp", "EFCRUDApp\EFCRUDApp.csproj", "{61D0B187-6459-4416-9BEA-2DF8F223271F}"
EndProject
Global
	GlobalSection(SolutionConfigurationPlatforms) = preSolution
		Debug|Any CPU = Debug|Any CPU
		Release|Any CPU = Release|Any CPU
	EndGlobalSection
	GlobalSection(ProjectConfigurationPlatforms) = postSolution
		{61D0B187-6459-4416-9BEA-2DF8F223271F}.Debug|Any CPU.ActiveCfg = Debug|Any CPU
		{61D0B187-6459-4416-9BEA-2DF8F223271F}.Debug|Any CPU.Build.0 = Debug|Any CPU
		{61D0B187-6459-4416-9BEA-2DF8F223271F}.Release|Any CPU.ActiveCfg = Release|Any CPU
		{61D0B187-6459-4416-9BEA-2DF8F223271F}.Release|Any CPU.Build.0 = Release|Any CPU
	EndGlobalSection
	GlobalSection(SolutionProperties) = preSolution
		HideSolutionNode = FALSE
	EndGlobalSection
	GlobalSection(ExtensibilityGlobals) = postSolution
		SolutionGuid = {BD479AC7-263B-4606-80A2-72A2C8392F49}
	EndGlobalSection
EndGlobal
